
Microsoft Visual Studio Solution File, Format Version 12.00
# Visual Studio Version 16
VisualStudioVersion = 16.0.32802.440
MinimumVisualStudioVersion = 10.0.40219.1
Project("{FAE04EC0-301F-11D3-BF4B-00C04F79EFBC}") = "file_upload", "file_upload\file_upload.csproj", "{EF44256D-5DDD-4BDD-B951-755E08B45A42}"
EndProject
Global
	GlobalSection(SolutionConfigurationPlatforms) = preSolution
		Debug|Any CPU = Debug|Any CPU
		Release|Any CPU = Release|Any CPU
	EndGlobalSection
	GlobalSection(ProjectConfigurationPlatforms) = postSolution
		{EF44256D-5DDD-4BDD-B951-755E08B45A42}.Debug|Any CPU.ActiveCfg = Debug|Any CPU
		{EF44256D-5DDD-4BDD-B951-755E08B45A42}.Debug|Any CPU.Build.0 = Debug|Any CPU
		{EF44256D-5DDD-4BDD-B951-755E08B45A42}.Release|Any CPU.ActiveCfg = Release|Any CPU
		{EF44256D-5DDD-4BDD-B951-755E08B45A42}.Release|Any CPU.Build.0 = Release|Any CPU
	EndGlobalSection
	GlobalSection(SolutionProperties) = preSolution
		HideSolutionNode = FALSE
	EndGlobalSection
	GlobalSection(ExtensibilityGlobals) = postSolution
		SolutionGuid = {A1B90A54-B7E9-4752-9146-FE4878FF0759}
	EndGlobalSection
EndGlobal
