
Microsoft Visual Studio Solution File, Format Version 12.00
# Visual Studio Version 16
VisualStudioVersion = 16.0.32802.440
MinimumVisualStudioVersion = 10.0.40219.1
Project("{F184B08F-C81C-45F6-A57F-5ABD9991F28F}") = "masterpageproject", "masterpageproject.vbproj", "{219245BC-69F4-4C33-B0F0-71B04AC23527}"
EndProject
Global
	GlobalSection(SolutionConfigurationPlatforms) = preSolution
		Debug|Any CPU = Debug|Any CPU
		Release|Any CPU = Release|Any CPU
	EndGlobalSection
	GlobalSection(ProjectConfigurationPlatforms) = postSolution
		{219245BC-69F4-4C33-B0F0-71B04AC23527}.Debug|Any CPU.ActiveCfg = Debug|Any CPU
		{219245BC-69F4-4C33-B0F0-71B04AC23527}.Debug|Any CPU.Build.0 = Debug|Any CPU
		{219245BC-69F4-4C33-B0F0-71B04AC23527}.Release|Any CPU.ActiveCfg = Release|Any CPU
		{219245BC-69F4-4C33-B0F0-71B04AC23527}.Release|Any CPU.Build.0 = Release|Any CPU
	EndGlobalSection
	GlobalSection(SolutionProperties) = preSolution
		HideSolutionNode = FALSE
	EndGlobalSection
	GlobalSection(ExtensibilityGlobals) = postSolution
		SolutionGuid = {BB5A717A-06EA-4810-BAAA-1468C868C42A}
	EndGlobalSection
EndGlobal
