
Microsoft Visual Studio Solution File, Format Version 12.00
# Visual Studio Version 16
VisualStudioVersion = 16.0.32802.440
MinimumVisualStudioVersion = 10.0.40219.1
Project("{F184B08F-C81C-45F6-A57F-5ABD9991F28F}") = "Task1", "Task1\Task1.vbproj", "{788F529A-2DB6-487E-A77C-9BBEDD2485EB}"
EndProject
Global
	GlobalSection(SolutionConfigurationPlatforms) = preSolution
		Debug|Any CPU = Debug|Any CPU
		Release|Any CPU = Release|Any CPU
	EndGlobalSection
	GlobalSection(ProjectConfigurationPlatforms) = postSolution
		{788F529A-2DB6-487E-A77C-9BBEDD2485EB}.Debug|Any CPU.ActiveCfg = Debug|Any CPU
		{788F529A-2DB6-487E-A77C-9BBEDD2485EB}.Debug|Any CPU.Build.0 = Debug|Any CPU
		{788F529A-2DB6-487E-A77C-9BBEDD2485EB}.Release|Any CPU.ActiveCfg = Release|Any CPU
		{788F529A-2DB6-487E-A77C-9BBEDD2485EB}.Release|Any CPU.Build.0 = Release|Any CPU
	EndGlobalSection
	GlobalSection(SolutionProperties) = preSolution
		HideSolutionNode = FALSE
	EndGlobalSection
	GlobalSection(ExtensibilityGlobals) = postSolution
		SolutionGuid = {A1C1EE8A-82F0-458B-8EF4-C09887E11BAE}
	EndGlobalSection
EndGlobal
